
Microsoft Visual Studio Solution File, Format Version 12.00
# Visual Studio Version 17
VisualStudioVersion = 17.7.34024.191
MinimumVisualStudioVersion = 10.0.40219.1
Project("{FAE04EC0-301F-11D3-BF4B-00C04F79EFBC}") = "ConsoleAppStringsAndIntegersAssignment", "ConsoleAppStringsAndIntegersAssignment.csproj", "{6AD0DBD2-0441-4A87-958C-39E854A78A9D}"
EndProject
Global
	GlobalSection(SolutionConfigurationPlatforms) = preSolution
		Debug|Any CPU = Debug|Any CPU
		Release|Any CPU = Release|Any CPU
	EndGlobalSection
	GlobalSection(ProjectConfigurationPlatforms) = postSolution
		{6AD0DBD2-0441-4A87-958C-39E854A78A9D}.Debug|Any CPU.ActiveCfg = Debug|Any CPU
		{6AD0DBD2-0441-4A87-958C-39E854A78A9D}.Debug|Any CPU.Build.0 = Debug|Any CPU
		{6AD0DBD2-0441-4A87-958C-39E854A78A9D}.Release|Any CPU.ActiveCfg = Release|Any CPU
		{6AD0DBD2-0441-4A87-958C-39E854A78A9D}.Release|Any CPU.Build.0 = Release|Any CPU
	EndGlobalSection
	GlobalSection(SolutionProperties) = preSolution
		HideSolutionNode = FALSE
	EndGlobalSection
	GlobalSection(ExtensibilityGlobals) = postSolution
		SolutionGuid = {33865115-AB8D-44E3-9264-05318B3E284D}
	EndGlobalSection
EndGlobal
